
Microsoft Visual Studio Solution File, Format Version 12.00
# Visual Studio 15
VisualStudioVersion = 15.0.27703.2047
MinimumVisualStudioVersion = 10.0.40219.1
Project("{FAE04EC0-301F-11D3-BF4B-00C04F79EFBC}") = "clase 02", "programacion y laboratorio 2\clase 02.csproj", "{9705F00A-9E2F-4A75-BF38-8C8B66B45E88}"
EndProject
Project("{FAE04EC0-301F-11D3-BF4B-00C04F79EFBC}") = "Ejercicio11", "Ejercicio11\Ejercicio11.csproj", "{53672F1E-D89A-4E88-B32B-4D8A0AFA64C1}"
EndProject
Global
	GlobalSection(SolutionConfigurationPlatforms) = preSolution
		Debug|Any CPU = Debug|Any CPU
		Release|Any CPU = Release|Any CPU
	EndGlobalSection
	GlobalSection(ProjectConfigurationPlatforms) = postSolution
		{9705F00A-9E2F-4A75-BF38-8C8B66B45E88}.Debug|Any CPU.ActiveCfg = Debug|Any CPU
		{9705F00A-9E2F-4A75-BF38-8C8B66B45E88}.Debug|Any CPU.Build.0 = Debug|Any CPU
		{9705F00A-9E2F-4A75-BF38-8C8B66B45E88}.Release|Any CPU.ActiveCfg = Release|Any CPU
		{9705F00A-9E2F-4A75-BF38-8C8B66B45E88}.Release|Any CPU.Build.0 = Release|Any CPU
		{53672F1E-D89A-4E88-B32B-4D8A0AFA64C1}.Debug|Any CPU.ActiveCfg = Debug|Any CPU
		{53672F1E-D89A-4E88-B32B-4D8A0AFA64C1}.Debug|Any CPU.Build.0 = Debug|Any CPU
		{53672F1E-D89A-4E88-B32B-4D8A0AFA64C1}.Release|Any CPU.ActiveCfg = Release|Any CPU
		{53672F1E-D89A-4E88-B32B-4D8A0AFA64C1}.Release|Any CPU.Build.0 = Release|Any CPU
	EndGlobalSection
	GlobalSection(SolutionProperties) = preSolution
		HideSolutionNode = FALSE
	EndGlobalSection
	GlobalSection(ExtensibilityGlobals) = postSolution
		SolutionGuid = {3DD7BF3A-7D19-48A8-B266-8FD19A231926}
	EndGlobalSection
EndGlobal
